
Microsoft Visual Studio Solution File, Format Version 12.00
# Visual Studio Version 17
VisualStudioVersion = 17.5.33424.131
MinimumVisualStudioVersion = 10.0.40219.1
Project("{FAE04EC0-301F-11D3-BF4B-00C04F79EFBC}") = "UserAPI", "UserAPI\UserAPI.csproj", "{4612FE7D-C42D-4B89-9ABF-9998804639AD}"
EndProject
Global
	GlobalSection(SolutionConfigurationPlatforms) = preSolution
		Debug|Any CPU = Debug|Any CPU
		Release|Any CPU = Release|Any CPU
	EndGlobalSection
	GlobalSection(ProjectConfigurationPlatforms) = postSolution
		{4612FE7D-C42D-4B89-9ABF-9998804639AD}.Debug|Any CPU.ActiveCfg = Debug|Any CPU
		{4612FE7D-C42D-4B89-9ABF-9998804639AD}.Debug|Any CPU.Build.0 = Debug|Any CPU
		{4612FE7D-C42D-4B89-9ABF-9998804639AD}.Release|Any CPU.ActiveCfg = Release|Any CPU
		{4612FE7D-C42D-4B89-9ABF-9998804639AD}.Release|Any CPU.Build.0 = Release|Any CPU
	EndGlobalSection
	GlobalSection(SolutionProperties) = preSolution
		HideSolutionNode = FALSE
	EndGlobalSection
	GlobalSection(ExtensibilityGlobals) = postSolution
		SolutionGuid = {27598BE7-870E-483C-B417-A029967A1894}
	EndGlobalSection
EndGlobal
